// !$*UTF8*$!
{
	archiveVersion = 1;
	classes = {
	};
	objectVersion = 56;
	objects = {

/* Begin PBXBuildFile section */
		FA0C93882CE95F2600C47992 /* Launch Screen.storyboard in Resources */ = {isa = PBXBuildFile; fileRef = FA0C93872CE95F2600C47992 /* Launch Screen.storyboard */; };
		FA0C938A2CE961DD00C47992 /* LaunchView.swift in Sources */ = {isa = PBXBuildFile; fileRef = FA0C93892CE961DD00C47992 /* LaunchView.swift */; };
		FA21722B2CE6B13000013DF8 /* Date.swift in Sources */ = {isa = PBXBuildFile; fileRef = FA21722A2CE6B13000013DF8 /* Date.swift */; };
		FA21722D2CE6C3C000013DF8 /* String.swift in Sources */ = {isa = PBXBuildFile; fileRef = FA21722C2CE6C3C000013DF8 /* String.swift */; };
		FA29EC422CDF587A009C7E24 /* NetworkingManager.swift in Sources */ = {isa = PBXBuildFile; fileRef = FA29EC412CDF587A009C7E24 /* NetworkingManager.swift */; };
		FA29EC452CDF6653009C7E24 /* CoinImageView.swift in Sources */ = {isa = PBXBuildFile; fileRef = FA29EC442CDF6653009C7E24 /* CoinImageView.swift */; };
		FA29EC472CDF6EC4009C7E24 /* CoinImageServices.swift in Sources */ = {isa = PBXBuildFile; fileRef = FA29EC462CDF6EC4009C7E24 /* CoinImageServices.swift */; };
		FA29EC492CDF72BF009C7E24 /* CoinImageViewModel.swift in Sources */ = {isa = PBXBuildFile; fileRef = FA29EC482CDF72BF009C7E24 /* CoinImageViewModel.swift */; };
		FA3EC46A2CDCBF8100128D3C /* CryptoApp.swift in Sources */ = {isa = PBXBuildFile; fileRef = FA3EC4692CDCBF8100128D3C /* CryptoApp.swift */; };
		FA3EC4712CDCBF8200128D3C /* Preview Assets.xcassets in Resources */ = {isa = PBXBuildFile; fileRef = FA3EC4702CDCBF8200128D3C /* Preview Assets.xcassets */; };
		FA3EC4782CDCC1A200128D3C /* Assets.xcassets in Resources */ = {isa = PBXBuildFile; fileRef = FA3EC4772CDCC1A200128D3C /* Assets.xcassets */; };
		FA3EC4802CDCC2B100128D3C /* Color.swift in Sources */ = {isa = PBXBuildFile; fileRef = FA3EC4792CDCC2B100128D3C /* Color.swift */; };
		FA3EC48C2CDCC60900128D3C /* HomeView.swift in Sources */ = {isa = PBXBuildFile; fileRef = FA3EC48B2CDCC60900128D3C /* HomeView.swift */; };
		FA3EC4902CDCC8FE00128D3C /* CircleButtonView.swift in Sources */ = {isa = PBXBuildFile; fileRef = FA3EC48F2CDCC8FE00128D3C /* CircleButtonView.swift */; };
		FA3EC4922CDCD11E00128D3C /* CircleBtnAnimationView.swift in Sources */ = {isa = PBXBuildFile; fileRef = FA3EC4912CDCD11E00128D3C /* CircleBtnAnimationView.swift */; };
		FA4CAB9F2CE20D4D0046FC39 /* PortfolioView.swift in Sources */ = {isa = PBXBuildFile; fileRef = FA4CAB9E2CE20D4D0046FC39 /* PortfolioView.swift */; };
		FA4CABA12CE2114C0046FC39 /* XmarkButtonView.swift in Sources */ = {isa = PBXBuildFile; fileRef = FA4CABA02CE2114C0046FC39 /* XmarkButtonView.swift */; };
		FA4CABA32CE21AFE0046FC39 /* CoinLogoView.swift in Sources */ = {isa = PBXBuildFile; fileRef = FA4CABA22CE21AFE0046FC39 /* CoinLogoView.swift */; };
		FA6AEC322CE41B2000F63A46 /* HapticManager.swift in Sources */ = {isa = PBXBuildFile; fileRef = FA6AEC312CE41B2000F63A46 /* HapticManager.swift */; };
		FA7C6CFF2CE01C14002B4CE2 /* LocalFileManager.swift in Sources */ = {isa = PBXBuildFile; fileRef = FA7C6CFE2CE01C14002B4CE2 /* LocalFileManager.swift */; };
		FAA2A6F62CE0A7E4004ED778 /* SearchBarView.swift in Sources */ = {isa = PBXBuildFile; fileRef = FAA2A6F52CE0A7E4004ED778 /* SearchBarView.swift */; };
		FAA2A6F82CE0B933004ED778 /* UiApplication.swift in Sources */ = {isa = PBXBuildFile; fileRef = FAA2A6F72CE0B933004ED778 /* UiApplication.swift */; };
		FAA2A6FA2CE0C81D004ED778 /* StatisticModel.swift in Sources */ = {isa = PBXBuildFile; fileRef = FAA2A6F92CE0C81D004ED778 /* StatisticModel.swift */; };
		FAA2A6FC2CE0C9E0004ED778 /* StatisticView.swift in Sources */ = {isa = PBXBuildFile; fileRef = FAA2A6FB2CE0C9E0004ED778 /* StatisticView.swift */; };
		FAA2A6FE2CE166B0004ED778 /* HomeStatView.swift in Sources */ = {isa = PBXBuildFile; fileRef = FAA2A6FD2CE166B0004ED778 /* HomeStatView.swift */; };
		FAA2A7042CE17572004ED778 /* MarketDataModel.swift in Sources */ = {isa = PBXBuildFile; fileRef = FAA2A7032CE17572004ED778 /* MarketDataModel.swift */; };
		FAA2A7062CE175A8004ED778 /* MarketDataService.swift in Sources */ = {isa = PBXBuildFile; fileRef = FAA2A7052CE175A8004ED778 /* MarketDataService.swift */; };
		FAA4A0B32CE4B1870035A371 /* DetailsView.swift in Sources */ = {isa = PBXBuildFile; fileRef = FAA4A0B22CE4B1870035A371 /* DetailsView.swift */; };
		FAA4A0B52CE4C3470035A371 /* CoinDetailsService.swift in Sources */ = {isa = PBXBuildFile; fileRef = FAA4A0B42CE4C3470035A371 /* CoinDetailsService.swift */; };
		FAA4A0B72CE4C36D0035A371 /* CoinDetailsModel.swift in Sources */ = {isa = PBXBuildFile; fileRef = FAA4A0B62CE4C36D0035A371 /* CoinDetailsModel.swift */; };
		FAA4A0B92CE4F81E0035A371 /* CoinDetailsViewModel.swift in Sources */ = {isa = PBXBuildFile; fileRef = FAA4A0B82CE4F81E0035A371 /* CoinDetailsViewModel.swift */; };
		FAA4A0BB2CE5700D0035A371 /* ChartView.swift in Sources */ = {isa = PBXBuildFile; fileRef = FAA4A0BA2CE5700D0035A371 /* ChartView.swift */; };
		FAAE55AF2CE34B4A005BD773 /* PortfolioContainer.xcdatamodeld in Sources */ = {isa = PBXBuildFile; fileRef = FAAE55AD2CE34B4A005BD773 /* PortfolioContainer.xcdatamodeld */; };
		FAAE55B12CE34C3C005BD773 /* PortfolioDataService.swift in Sources */ = {isa = PBXBuildFile; fileRef = FAAE55B02CE34C3C005BD773 /* PortfolioDataService.swift */; };
		FAB02C732CDE66DE00E522E6 /* CoinDataService.swift in Sources */ = {isa = PBXBuildFile; fileRef = FAB02C722CDE66DE00E522E6 /* CoinDataService.swift */; };
		FACC619B2CE806F50065ABD3 /* SettingsView.swift in Sources */ = {isa = PBXBuildFile; fileRef = FACC619A2CE806F50065ABD3 /* SettingsView.swift */; };
		FACF627D2CDE178C0035EF90 /* HomeViewModel.swift in Sources */ = {isa = PBXBuildFile; fileRef = FACF627C2CDE178C0035EF90 /* HomeViewModel.swift */; };
		FAD59A672CDD7586006E4E82 /* CoinModel.swift in Sources */ = {isa = PBXBuildFile; fileRef = FAD59A662CDD7586006E4E82 /* CoinModel.swift */; };
		FAD59A692CDD7BD4006E4E82 /* CoinRowView.swift in Sources */ = {isa = PBXBuildFile; fileRef = FAD59A682CDD7BD4006E4E82 /* CoinRowView.swift */; };
		FAD59A6B2CDD7CA5006E4E82 /* PreviewProvider.swift in Sources */ = {isa = PBXBuildFile; fileRef = FAD59A6A2CDD7CA5006E4E82 /* PreviewProvider.swift */; };
		FAD59A6F2CDD8726006E4E82 /* Double.swift in Sources */ = {isa = PBXBuildFile; fileRef = FAD59A6E2CDD8726006E4E82 /* Double.swift */; };
/* End PBXBuildFile section */

/* Begin PBXFileReference section */
		FA0C93872CE95F2600C47992 /* Launch Screen.storyboard */ = {isa = PBXFileReference; lastKnownFileType = file.storyboard; path = "Launch Screen.storyboard"; sourceTree = "<group>"; };
		FA0C93892CE961DD00C47992 /* LaunchView.swift */ = {isa = PBXFileReference; lastKnownFileType = sourcecode.swift; path = LaunchView.swift; sourceTree = "<group>"; };
		FA21722A2CE6B13000013DF8 /* Date.swift */ = {isa = PBXFileReference; lastKnownFileType = sourcecode.swift; path = Date.swift; sourceTree = "<group>"; };
		FA21722C2CE6C3C000013DF8 /* String.swift */ = {isa = PBXFileReference; lastKnownFileType = sourcecode.swift; path = String.swift; sourceTree = "<group>"; };
		FA29EC412CDF587A009C7E24 /* NetworkingManager.swift */ = {isa = PBXFileReference; lastKnownFileType = sourcecode.swift; path = NetworkingManager.swift; sourceTree = "<group>"; };
		FA29EC442CDF6653009C7E24 /* CoinImageView.swift */ = {isa = PBXFileReference; lastKnownFileType = sourcecode.swift; path = CoinImageView.swift; sourceTree = "<group>"; };
		FA29EC462CDF6EC4009C7E24 /* CoinImageServices.swift */ = {isa = PBXFileReference; lastKnownFileType = sourcecode.swift; path = CoinImageServices.swift; sourceTree = "<group>"; };
		FA29EC482CDF72BF009C7E24 /* CoinImageViewModel.swift */ = {isa = PBXFileReference; lastKnownFileType = sourcecode.swift; path = CoinImageViewModel.swift; sourceTree = "<group>"; };
		FA3EC4662CDCBF8100128D3C /* CryptoApp.app */ = {isa = PBXFileReference; explicitFileType = wrapper.application; includeInIndex = 0; path = CryptoApp.app; sourceTree = BUILT_PRODUCTS_DIR; };
		FA3EC4692CDCBF8100128D3C /* CryptoApp.swift */ = {isa = PBXFileReference; lastKnownFileType = sourcecode.swift; path = CryptoApp.swift; sourceTree = "<group>"; };
		FA3EC4702CDCBF8200128D3C /* Preview Assets.xcassets */ = {isa = PBXFileReference; lastKnownFileType = folder.assetcatalog; path = "Preview Assets.xcassets"; sourceTree = "<group>"; };
		FA3EC4772CDCC1A200128D3C /* Assets.xcassets */ = {isa = PBXFileReference; lastKnownFileType = folder.assetcatalog; name = Assets.xcassets; path = ../../../../Downloads/Resources/Assets.xcassets; sourceTree = "<group>"; };
		FA3EC4792CDCC2B100128D3C /* Color.swift */ = {isa = PBXFileReference; fileEncoding = 4; lastKnownFileType = sourcecode.swift; path = Color.swift; sourceTree = "<group>"; };
		FA3EC48B2CDCC60900128D3C /* HomeView.swift */ = {isa = PBXFileReference; lastKnownFileType = sourcecode.swift; path = HomeView.swift; sourceTree = "<group>"; };
		FA3EC48F2CDCC8FE00128D3C /* CircleButtonView.swift */ = {isa = PBXFileReference; lastKnownFileType = sourcecode.swift; path = CircleButtonView.swift; sourceTree = "<group>"; };
		FA3EC4912CDCD11E00128D3C /* CircleBtnAnimationView.swift */ = {isa = PBXFileReference; lastKnownFileType = sourcecode.swift; path = CircleBtnAnimationView.swift; sourceTree = "<group>"; };
		FA4CAB9E2CE20D4D0046FC39 /* PortfolioView.swift */ = {isa = PBXFileReference; lastKnownFileType = sourcecode.swift; path = PortfolioView.swift; sourceTree = "<group>"; };
		FA4CABA02CE2114C0046FC39 /* XmarkButtonView.swift */ = {isa = PBXFileReference; lastKnownFileType = sourcecode.swift; path = XmarkButtonView.swift; sourceTree = "<group>"; };
		FA4CABA22CE21AFE0046FC39 /* CoinLogoView.swift */ = {isa = PBXFileReference; lastKnownFileType = sourcecode.swift; path = CoinLogoView.swift; sourceTree = "<group>"; };
		FA6AEC312CE41B2000F63A46 /* HapticManager.swift */ = {isa = PBXFileReference; lastKnownFileType = sourcecode.swift; path = HapticManager.swift; sourceTree = "<group>"; };
		FA7C6CFE2CE01C14002B4CE2 /* LocalFileManager.swift */ = {isa = PBXFileReference; lastKnownFileType = sourcecode.swift; path = LocalFileManager.swift; sourceTree = "<group>"; };
		FAA2A6F52CE0A7E4004ED778 /* SearchBarView.swift */ = {isa = PBXFileReference; lastKnownFileType = sourcecode.swift; path = SearchBarView.swift; sourceTree = "<group>"; };
		FAA2A6F72CE0B933004ED778 /* UiApplication.swift */ = {isa = PBXFileReference; lastKnownFileType = sourcecode.swift; path = UiApplication.swift; sourceTree = "<group>"; };
		FAA2A6F92CE0C81D004ED778 /* StatisticModel.swift */ = {isa = PBXFileReference; lastKnownFileType = sourcecode.swift; path = StatisticModel.swift; sourceTree = "<group>"; };
		FAA2A6FB2CE0C9E0004ED778 /* StatisticView.swift */ = {isa = PBXFileReference; lastKnownFileType = sourcecode.swift; path = StatisticView.swift; sourceTree = "<group>"; };
		FAA2A6FD2CE166B0004ED778 /* HomeStatView.swift */ = {isa = PBXFileReference; lastKnownFileType = sourcecode.swift; path = HomeStatView.swift; sourceTree = "<group>"; };
		FAA2A7032CE17572004ED778 /* MarketDataModel.swift */ = {isa = PBXFileReference; lastKnownFileType = sourcecode.swift; path = MarketDataModel.swift; sourceTree = "<group>"; };
		FAA2A7052CE175A8004ED778 /* MarketDataService.swift */ = {isa = PBXFileReference; lastKnownFileType = sourcecode.swift; path = MarketDataService.swift; sourceTree = "<group>"; };
		FAA4A0B22CE4B1870035A371 /* DetailsView.swift */ = {isa = PBXFileReference; lastKnownFileType = sourcecode.swift; path = DetailsView.swift; sourceTree = "<group>"; };
		FAA4A0B42CE4C3470035A371 /* CoinDetailsService.swift */ = {isa = PBXFileReference; lastKnownFileType = sourcecode.swift; path = CoinDetailsService.swift; sourceTree = "<group>"; };
		FAA4A0B62CE4C36D0035A371 /* CoinDetailsModel.swift */ = {isa = PBXFileReference; lastKnownFileType = sourcecode.swift; path = CoinDetailsModel.swift; sourceTree = "<group>"; };
		FAA4A0B82CE4F81E0035A371 /* CoinDetailsViewModel.swift */ = {isa = PBXFileReference; lastKnownFileType = sourcecode.swift; path = CoinDetailsViewModel.swift; sourceTree = "<group>"; };
		FAA4A0BA2CE5700D0035A371 /* ChartView.swift */ = {isa = PBXFileReference; lastKnownFileType = sourcecode.swift; path = ChartView.swift; sourceTree = "<group>"; };
		FAAE55AE2CE34B4A005BD773 /* PortfolioContainer.xcdatamodel */ = {isa = PBXFileReference; lastKnownFileType = wrapper.xcdatamodel; path = PortfolioContainer.xcdatamodel; sourceTree = "<group>"; };
		FAAE55B02CE34C3C005BD773 /* PortfolioDataService.swift */ = {isa = PBXFileReference; lastKnownFileType = sourcecode.swift; path = PortfolioDataService.swift; sourceTree = "<group>"; };
		FAB02C722CDE66DE00E522E6 /* CoinDataService.swift */ = {isa = PBXFileReference; lastKnownFileType = sourcecode.swift; path = CoinDataService.swift; sourceTree = "<group>"; };
		FACC619A2CE806F50065ABD3 /* SettingsView.swift */ = {isa = PBXFileReference; lastKnownFileType = sourcecode.swift; path = SettingsView.swift; sourceTree = "<group>"; };
		FACF627C2CDE178C0035EF90 /* HomeViewModel.swift */ = {isa = PBXFileReference; lastKnownFileType = sourcecode.swift; path = HomeViewModel.swift; sourceTree = "<group>"; };
		FAD59A662CDD7586006E4E82 /* CoinModel.swift */ = {isa = PBXFileReference; lastKnownFileType = sourcecode.swift; path = CoinModel.swift; sourceTree = "<group>"; };
		FAD59A682CDD7BD4006E4E82 /* CoinRowView.swift */ = {isa = PBXFileReference; lastKnownFileType = sourcecode.swift; path = CoinRowView.swift; sourceTree = "<group>"; };
		FAD59A6A2CDD7CA5006E4E82 /* PreviewProvider.swift */ = {isa = PBXFileReference; lastKnownFileType = sourcecode.swift; path = PreviewProvider.swift; sourceTree = "<group>"; };
		FAD59A6E2CDD8726006E4E82 /* Double.swift */ = {isa = PBXFileReference; lastKnownFileType = sourcecode.swift; path = Double.swift; sourceTree = "<group>"; };
/* End PBXFileReference section */

/* Begin PBXFrameworksBuildPhase section */
		FA3EC4632CDCBF8100128D3C /* Frameworks */ = {
			isa = PBXFrameworksBuildPhase;
			buildActionMask = 2147483647;
			files = (
			);
			runOnlyForDeploymentPostprocessing = 0;
		};
/* End PBXFrameworksBuildPhase section */

/* Begin PBXGroup section */
		FA0C93862CE95EFE00C47992 /* LaunchScreen */ = {
			isa = PBXGroup;
			children = (
				FA0C938B2CE961F000C47992 /* Views */,
			);
			path = LaunchScreen;
			sourceTree = "<group>";
		};
		FA0C938B2CE961F000C47992 /* Views */ = {
			isa = PBXGroup;
			children = (
				FA0C93892CE961DD00C47992 /* LaunchView.swift */,
				FA0C93872CE95F2600C47992 /* Launch Screen.storyboard */,
			);
			path = Views;
			sourceTree = "<group>";
		};
		FA29EC402CDF584F009C7E24 /* Utilities */ = {
			isa = PBXGroup;
			children = (
				FA29EC412CDF587A009C7E24 /* NetworkingManager.swift */,
				FA7C6CFE2CE01C14002B4CE2 /* LocalFileManager.swift */,
				FA6AEC312CE41B2000F63A46 /* HapticManager.swift */,
			);
			path = Utilities;
			sourceTree = "<group>";
		};
		FA29EC432CDF6630009C7E24 /* CoinImage */ = {
			isa = PBXGroup;
			children = (
				FA29EC442CDF6653009C7E24 /* CoinImageView.swift */,
				FA29EC482CDF72BF009C7E24 /* CoinImageViewModel.swift */,
			);
			path = CoinImage;
			sourceTree = "<group>";
		};
		FA3EC45D2CDCBF8100128D3C = {
			isa = PBXGroup;
			children = (
				FA3EC4682CDCBF8100128D3C /* CryptoApp */,
				FA3EC4672CDCBF8100128D3C /* Products */,
			);
			sourceTree = "<group>";
		};
		FA3EC4672CDCBF8100128D3C /* Products */ = {
			isa = PBXGroup;
			children = (
				FA3EC4662CDCBF8100128D3C /* CryptoApp.app */,
			);
			name = Products;
			sourceTree = "<group>";
		};
		FA3EC4682CDCBF8100128D3C /* CryptoApp */ = {
			isa = PBXGroup;
			children = (
				FA3EC4692CDCBF8100128D3C /* CryptoApp.swift */,
				FA29EC402CDF584F009C7E24 /* Utilities */,
				FA3EC47F2CDCC2B100128D3C /* Extensions */,
				FAB02C712CDE668F00E522E6 /* Services */,
				FAD59A652CDD7578006E4E82 /* Models */,
				FA3EC4892CDCC5BB00128D3C /* Core */,
				FA3EC4772CDCC1A200128D3C /* Assets.xcassets */,
				FA3EC46F2CDCBF8200128D3C /* Preview Content */,
			);
			path = CryptoApp;
			sourceTree = "<group>";
		};
		FA3EC46F2CDCBF8200128D3C /* Preview Content */ = {
			isa = PBXGroup;
			children = (
				FA3EC4702CDCBF8200128D3C /* Preview Assets.xcassets */,
			);
			path = "Preview Content";
			sourceTree = "<group>";
		};
		FA3EC47F2CDCC2B100128D3C /* Extensions */ = {
			isa = PBXGroup;
			children = (
				FA3EC4792CDCC2B100128D3C /* Color.swift */,
				FAD59A6A2CDD7CA5006E4E82 /* PreviewProvider.swift */,
				FAD59A6E2CDD8726006E4E82 /* Double.swift */,
				FAA2A6F72CE0B933004ED778 /* UiApplication.swift */,
				FA21722A2CE6B13000013DF8 /* Date.swift */,
				FA21722C2CE6C3C000013DF8 /* String.swift */,
			);
			path = Extensions;
			sourceTree = "<group>";
		};
		FA3EC4872CDCC58D00128D3C /* Views */ = {
			isa = PBXGroup;
			children = (
				FA3EC48B2CDCC60900128D3C /* HomeView.swift */,
				FAD59A682CDD7BD4006E4E82 /* CoinRowView.swift */,
				FAA2A6FD2CE166B0004ED778 /* HomeStatView.swift */,
				FA4CAB9E2CE20D4D0046FC39 /* PortfolioView.swift */,
			);
			path = Views;
			sourceTree = "<group>";
		};
		FA3EC4882CDCC59300128D3C /* ViewModels */ = {
			isa = PBXGroup;
			children = (
				FACF627C2CDE178C0035EF90 /* HomeViewModel.swift */,
			);
			path = ViewModels;
			sourceTree = "<group>";
		};
		FA3EC4892CDCC5BB00128D3C /* Core */ = {
			isa = PBXGroup;
			children = (
				FA0C93862CE95EFE00C47992 /* LaunchScreen */,
				FACC61982CE806C60065ABD3 /* Settings */,
				FAA4A0AE2CE4B1100035A371 /* Details */,
				FA3EC48D2CDCC8A900128D3C /* Components */,
				FA3EC48A2CDCC5CB00128D3C /* Home */,
			);
			path = Core;
			sourceTree = "<group>";
		};
		FA3EC48A2CDCC5CB00128D3C /* Home */ = {
			isa = PBXGroup;
			children = (
				FA3EC4882CDCC59300128D3C /* ViewModels */,
				FA3EC4872CDCC58D00128D3C /* Views */,
			);
			path = Home;
			sourceTree = "<group>";
		};
		FA3EC48D2CDCC8A900128D3C /* Components */ = {
			isa = PBXGroup;
			children = (
				FA29EC432CDF6630009C7E24 /* CoinImage */,
				FA3EC48E2CDCC8D300128D3C /* CircleButton */,
				FAA2A6F52CE0A7E4004ED778 /* SearchBarView.swift */,
				FAA2A6FB2CE0C9E0004ED778 /* StatisticView.swift */,
				FA4CABA02CE2114C0046FC39 /* XmarkButtonView.swift */,
				FA4CABA22CE21AFE0046FC39 /* CoinLogoView.swift */,
			);
			path = Components;
			sourceTree = "<group>";
		};
		FA3EC48E2CDCC8D300128D3C /* CircleButton */ = {
			isa = PBXGroup;
			children = (
				FA3EC48F2CDCC8FE00128D3C /* CircleButtonView.swift */,
				FA3EC4912CDCD11E00128D3C /* CircleBtnAnimationView.swift */,
			);
			path = CircleButton;
			sourceTree = "<group>";
		};
		FAA4A0AE2CE4B1100035A371 /* Details */ = {
			isa = PBXGroup;
			children = (
				FAA4A0AF2CE4B13B0035A371 /* ViewModels */,
				FAA4A0B12CE4B1750035A371 /* Views */,
			);
			path = Details;
			sourceTree = "<group>";
		};
		FAA4A0AF2CE4B13B0035A371 /* ViewModels */ = {
			isa = PBXGroup;
			children = (
				FAA4A0B82CE4F81E0035A371 /* CoinDetailsViewModel.swift */,
			);
			path = ViewModels;
			sourceTree = "<group>";
		};
		FAA4A0B12CE4B1750035A371 /* Views */ = {
			isa = PBXGroup;
			children = (
				FAA4A0B22CE4B1870035A371 /* DetailsView.swift */,
				FAA4A0BA2CE5700D0035A371 /* ChartView.swift */,
			);
			path = Views;
			sourceTree = "<group>";
		};
		FAB02C712CDE668F00E522E6 /* Services */ = {
			isa = PBXGroup;
			children = (
				FAB02C722CDE66DE00E522E6 /* CoinDataService.swift */,
				FA29EC462CDF6EC4009C7E24 /* CoinImageServices.swift */,
				FAA2A7052CE175A8004ED778 /* MarketDataService.swift */,
				FAAE55B02CE34C3C005BD773 /* PortfolioDataService.swift */,
				FAA4A0B42CE4C3470035A371 /* CoinDetailsService.swift */,
			);
			path = Services;
			sourceTree = "<group>";
		};
		FACC61982CE806C60065ABD3 /* Settings */ = {
			isa = PBXGroup;
			children = (
				FACC61992CE806E60065ABD3 /* Views */,
			);
			path = Settings;
			sourceTree = "<group>";
		};
		FACC61992CE806E60065ABD3 /* Views */ = {
			isa = PBXGroup;
			children = (
				FACC619A2CE806F50065ABD3 /* SettingsView.swift */,
			);
			path = Views;
			sourceTree = "<group>";
		};
		FAD59A652CDD7578006E4E82 /* Models */ = {
			isa = PBXGroup;
			children = (
				FAD59A662CDD7586006E4E82 /* CoinModel.swift */,
				FAA2A6F92CE0C81D004ED778 /* StatisticModel.swift */,
				FAA2A7032CE17572004ED778 /* MarketDataModel.swift */,
				FAA4A0B62CE4C36D0035A371 /* CoinDetailsModel.swift */,
				FAAE55AD2CE34B4A005BD773 /* PortfolioContainer.xcdatamodeld */,
			);
			path = Models;
			sourceTree = "<group>";
		};
/* End PBXGroup section */

/* Begin PBXNativeTarget section */
		FA3EC4652CDCBF8100128D3C /* CryptoApp */ = {
			isa = PBXNativeTarget;
			buildConfigurationList = FA3EC4742CDCBF8200128D3C /* Build configuration list for PBXNativeTarget "CryptoApp" */;
			buildPhases = (
				FA3EC4622CDCBF8100128D3C /* Sources */,
				FA3EC4632CDCBF8100128D3C /* Frameworks */,
				FA3EC4642CDCBF8100128D3C /* Resources */,
			);
			buildRules = (
			);
			dependencies = (
			);
			name = CryptoApp;
			productName = CryptoApp;
			productReference = FA3EC4662CDCBF8100128D3C /* CryptoApp.app */;
			productType = "com.apple.product-type.application";
		};
/* End PBXNativeTarget section */

/* Begin PBXProject section */
		FA3EC45E2CDCBF8100128D3C /* Project object */ = {
			isa = PBXProject;
			attributes = {
				BuildIndependentTargetsInParallel = 1;
				LastSwiftUpdateCheck = 1540;
				LastUpgradeCheck = 1540;
				TargetAttributes = {
					FA3EC4652CDCBF8100128D3C = {
						CreatedOnToolsVersion = 15.4;
					};
				};
			};
			buildConfigurationList = FA3EC4612CDCBF8100128D3C /* Build configuration list for PBXProject "CryptoApp" */;
			compatibilityVersion = "Xcode 14.0";
			developmentRegion = en;
			hasScannedForEncodings = 0;
			knownRegions = (
				en,
				Base,
			);
			mainGroup = FA3EC45D2CDCBF8100128D3C;
			productRefGroup = FA3EC4672CDCBF8100128D3C /* Products */;
			projectDirPath = "";
			projectRoot = "";
			targets = (
				FA3EC4652CDCBF8100128D3C /* CryptoApp */,
			);
		};
/* End PBXProject section */

/* Begin PBXResourcesBuildPhase section */
		FA3EC4642CDCBF8100128D3C /* Resources */ = {
			isa = PBXResourcesBuildPhase;
			buildActionMask = 2147483647;
			files = (
				FA0C93882CE95F2600C47992 /* Launch Screen.storyboard in Resources */,
				FA3EC4712CDCBF8200128D3C /* Preview Assets.xcassets in Resources */,
				FA3EC4782CDCC1A200128D3C /* Assets.xcassets in Resources */,
			);
			runOnlyForDeploymentPostprocessing = 0;
		};
/* End PBXResourcesBuildPhase section */

/* Begin PBXSourcesBuildPhase section */
		FA3EC4622CDCBF8100128D3C /* Sources */ = {
			isa = PBXSourcesBuildPhase;
			buildActionMask = 2147483647;
			files = (
				FAAE55AF2CE34B4A005BD773 /* PortfolioContainer.xcdatamodeld in Sources */,
				FAA2A6FA2CE0C81D004ED778 /* StatisticModel.swift in Sources */,
				FAB02C732CDE66DE00E522E6 /* CoinDataService.swift in Sources */,
				FAA4A0BB2CE5700D0035A371 /* ChartView.swift in Sources */,
				FAD59A692CDD7BD4006E4E82 /* CoinRowView.swift in Sources */,
				FA29EC472CDF6EC4009C7E24 /* CoinImageServices.swift in Sources */,
				FACF627D2CDE178C0035EF90 /* HomeViewModel.swift in Sources */,
				FA21722B2CE6B13000013DF8 /* Date.swift in Sources */,
				FA7C6CFF2CE01C14002B4CE2 /* LocalFileManager.swift in Sources */,
				FAA4A0B52CE4C3470035A371 /* CoinDetailsService.swift in Sources */,
				FAA4A0B32CE4B1870035A371 /* DetailsView.swift in Sources */,
				FA4CABA12CE2114C0046FC39 /* XmarkButtonView.swift in Sources */,
				FAA2A7042CE17572004ED778 /* MarketDataModel.swift in Sources */,
				FAA4A0B72CE4C36D0035A371 /* CoinDetailsModel.swift in Sources */,
				FAA2A6FC2CE0C9E0004ED778 /* StatisticView.swift in Sources */,
				FA0C938A2CE961DD00C47992 /* LaunchView.swift in Sources */,
				FA3EC48C2CDCC60900128D3C /* HomeView.swift in Sources */,
				FA29EC452CDF6653009C7E24 /* CoinImageView.swift in Sources */,
				FA3EC4922CDCD11E00128D3C /* CircleBtnAnimationView.swift in Sources */,
				FA6AEC322CE41B2000F63A46 /* HapticManager.swift in Sources */,
				FAA2A6F82CE0B933004ED778 /* UiApplication.swift in Sources */,
				FA3EC46A2CDCBF8100128D3C /* CryptoApp.swift in Sources */,
				FAA2A6FE2CE166B0004ED778 /* HomeStatView.swift in Sources */,
				FAA2A6F62CE0A7E4004ED778 /* SearchBarView.swift in Sources */,
				FA4CABA32CE21AFE0046FC39 /* CoinLogoView.swift in Sources */,
				FA3EC4902CDCC8FE00128D3C /* CircleButtonView.swift in Sources */,
				FAA2A7062CE175A8004ED778 /* MarketDataService.swift in Sources */,
				FA21722D2CE6C3C000013DF8 /* String.swift in Sources */,
				FA29EC422CDF587A009C7E24 /* NetworkingManager.swift in Sources */,
				FA29EC492CDF72BF009C7E24 /* CoinImageViewModel.swift in Sources */,
				FA3EC4802CDCC2B100128D3C /* Color.swift in Sources */,
				FA4CAB9F2CE20D4D0046FC39 /* PortfolioView.swift in Sources */,
				FAD59A6B2CDD7CA5006E4E82 /* PreviewProvider.swift in Sources */,
				FAD59A6F2CDD8726006E4E82 /* Double.swift in Sources */,
				FAD59A672CDD7586006E4E82 /* CoinModel.swift in Sources */,
				FAA4A0B92CE4F81E0035A371 /* CoinDetailsViewModel.swift in Sources */,
				FAAE55B12CE34C3C005BD773 /* PortfolioDataService.swift in Sources */,
				FACC619B2CE806F50065ABD3 /* SettingsView.swift in Sources */,
			);
			runOnlyForDeploymentPostprocessing = 0;
		};
/* End PBXSourcesBuildPhase section */

/* Begin XCBuildConfiguration section */
		FA3EC4722CDCBF8200128D3C /* Debug */ = {
			isa = XCBuildConfiguration;
			buildSettings = {
				ALWAYS_SEARCH_USER_PATHS = NO;
				ASSETCATALOG_COMPILER_GENERATE_SWIFT_ASSET_SYMBOL_EXTENSIONS = YES;
				CLANG_ANALYZER_NONNULL = YES;
				CLANG_ANALYZER_NUMBER_OBJECT_CONVERSION = YES_AGGRESSIVE;
				CLANG_CXX_LANGUAGE_STANDARD = "gnu++20";
				CLANG_ENABLE_MODULES = YES;
				CLANG_ENABLE_OBJC_ARC = YES;
				CLANG_ENABLE_OBJC_WEAK = YES;
				CLANG_WARN_BLOCK_CAPTURE_AUTORELEASING = YES;
				CLANG_WARN_BOOL_CONVERSION = YES;
				CLANG_WARN_COMMA = YES;
				CLANG_WARN_CONSTANT_CONVERSION = YES;
				CLANG_WARN_DEPRECATED_OBJC_IMPLEMENTATIONS = YES;
				CLANG_WARN_DIRECT_OBJC_ISA_USAGE = YES_ERROR;
				CLANG_WARN_DOCUMENTATION_COMMENTS = YES;
				CLANG_WARN_EMPTY_BODY = YES;
				CLANG_WARN_ENUM_CONVERSION = YES;
				CLANG_WARN_INFINITE_RECURSION = YES;
				CLANG_WARN_INT_CONVERSION = YES;
				CLANG_WARN_NON_LITERAL_NULL_CONVERSION = YES;
				CLANG_WARN_OBJC_IMPLICIT_RETAIN_SELF = YES;
				CLANG_WARN_OBJC_LITERAL_CONVERSION = YES;
				CLANG_WARN_OBJC_ROOT_CLASS = YES_ERROR;
				CLANG_WARN_QUOTED_INCLUDE_IN_FRAMEWORK_HEADER = YES;
				CLANG_WARN_RANGE_LOOP_ANALYSIS = YES;
				CLANG_WARN_STRICT_PROTOTYPES = YES;
				CLANG_WARN_SUSPICIOUS_MOVE = YES;
				CLANG_WARN_UNGUARDED_AVAILABILITY = YES_AGGRESSIVE;
				CLANG_WARN_UNREACHABLE_CODE = YES;
				CLANG_WARN__DUPLICATE_METHOD_MATCH = YES;
				COPY_PHASE_STRIP = NO;
				DEBUG_INFORMATION_FORMAT = dwarf;
				ENABLE_STRICT_OBJC_MSGSEND = YES;
				ENABLE_TESTABILITY = YES;
				ENABLE_USER_SCRIPT_SANDBOXING = YES;
				GCC_C_LANGUAGE_STANDARD = gnu17;
				GCC_DYNAMIC_NO_PIC = NO;
				GCC_NO_COMMON_BLOCKS = YES;
				GCC_OPTIMIZATION_LEVEL = 0;
				GCC_PREPROCESSOR_DEFINITIONS = (
					"DEBUG=1",
					"$(inherited)",
				);
				GCC_WARN_64_TO_32_BIT_CONVERSION = YES;
				GCC_WARN_ABOUT_RETURN_TYPE = YES_ERROR;
				GCC_WARN_UNDECLARED_SELECTOR = YES;
				GCC_WARN_UNINITIALIZED_AUTOS = YES_AGGRESSIVE;
				GCC_WARN_UNUSED_FUNCTION = YES;
				GCC_WARN_UNUSED_VARIABLE = YES;
				IPHONEOS_DEPLOYMENT_TARGET = 17.5;
				LOCALIZATION_PREFERS_STRING_CATALOGS = YES;
				MTL_ENABLE_DEBUG_INFO = INCLUDE_SOURCE;
				MTL_FAST_MATH = YES;
				ONLY_ACTIVE_ARCH = YES;
				SDKROOT = iphoneos;
				SWIFT_ACTIVE_COMPILATION_CONDITIONS = "DEBUG $(inherited)";
				SWIFT_OPTIMIZATION_LEVEL = "-Onone";
			};
			name = Debug;
		};
		FA3EC4732CDCBF8200128D3C /* Release */ = {
			isa = XCBuildConfiguration;
			buildSettings = {
				ALWAYS_SEARCH_USER_PATHS = NO;
				ASSETCATALOG_COMPILER_GENERATE_SWIFT_ASSET_SYMBOL_EXTENSIONS = YES;
				CLANG_ANALYZER_NONNULL = YES;
				CLANG_ANALYZER_NUMBER_OBJECT_CONVERSION = YES_AGGRESSIVE;
				CLANG_CXX_LANGUAGE_STANDARD = "gnu++20";
				CLANG_ENABLE_MODULES = YES;
				CLANG_ENABLE_OBJC_ARC = YES;
				CLANG_ENABLE_OBJC_WEAK = YES;
				CLANG_WARN_BLOCK_CAPTURE_AUTORELEASING = YES;
				CLANG_WARN_BOOL_CONVERSION = YES;
				CLANG_WARN_COMMA = YES;
				CLANG_WARN_CONSTANT_CONVERSION = YES;
				CLANG_WARN_DEPRECATED_OBJC_IMPLEMENTATIONS = YES;
				CLANG_WARN_DIRECT_OBJC_ISA_USAGE = YES_ERROR;
				CLANG_WARN_DOCUMENTATION_COMMENTS = YES;
				CLANG_WARN_EMPTY_BODY = YES;
				CLANG_WARN_ENUM_CONVERSION = YES;
				CLANG_WARN_INFINITE_RECURSION = YES;
				CLANG_WARN_INT_CONVERSION = YES;
				CLANG_WARN_NON_LITERAL_NULL_CONVERSION = YES;
				CLANG_WARN_OBJC_IMPLICIT_RETAIN_SELF = YES;
				CLANG_WARN_OBJC_LITERAL_CONVERSION = YES;
				CLANG_WARN_OBJC_ROOT_CLASS = YES_ERROR;
				CLANG_WARN_QUOTED_INCLUDE_IN_FRAMEWORK_HEADER = YES;
				CLANG_WARN_RANGE_LOOP_ANALYSIS = YES;
				CLANG_WARN_STRICT_PROTOTYPES = YES;
				CLANG_WARN_SUSPICIOUS_MOVE = YES;
				CLANG_WARN_UNGUARDED_AVAILABILITY = YES_AGGRESSIVE;
				CLANG_WARN_UNREACHABLE_CODE = YES;
				CLANG_WARN__DUPLICATE_METHOD_MATCH = YES;
				COPY_PHASE_STRIP = NO;
				DEBUG_INFORMATION_FORMAT = "dwarf-with-dsym";
				ENABLE_NS_ASSERTIONS = NO;
				ENABLE_STRICT_OBJC_MSGSEND = YES;
				ENABLE_USER_SCRIPT_SANDBOXING = YES;
				GCC_C_LANGUAGE_STANDARD = gnu17;
				GCC_NO_COMMON_BLOCKS = YES;
				GCC_WARN_64_TO_32_BIT_CONVERSION = YES;
				GCC_WARN_ABOUT_RETURN_TYPE = YES_ERROR;
				GCC_WARN_UNDECLARED_SELECTOR = YES;
				GCC_WARN_UNINITIALIZED_AUTOS = YES_AGGRESSIVE;
				GCC_WARN_UNUSED_FUNCTION = YES;
				GCC_WARN_UNUSED_VARIABLE = YES;
				IPHONEOS_DEPLOYMENT_TARGET = 17.5;
				LOCALIZATION_PREFERS_STRING_CATALOGS = YES;
				MTL_ENABLE_DEBUG_INFO = NO;
				MTL_FAST_MATH = YES;
				SDKROOT = iphoneos;
				SWIFT_COMPILATION_MODE = wholemodule;
				VALIDATE_PRODUCT = YES;
			};
			name = Release;
		};
		FA3EC4752CDCBF8200128D3C /* Debug */ = {
			isa = XCBuildConfiguration;
			buildSettings = {
				ASSETCATALOG_COMPILER_APPICON_NAME = AppIcon;
				ASSETCATALOG_COMPILER_GLOBAL_ACCENT_COLOR_NAME = AccentColor;
				CODE_SIGN_STYLE = Automatic;
				CURRENT_PROJECT_VERSION = 1;
				DEVELOPMENT_ASSET_PATHS = "\"CryptoApp/Preview Content\"";
				ENABLE_PREVIEWS = YES;
				GENERATE_INFOPLIST_FILE = YES;
				INFOPLIST_KEY_UIApplicationSceneManifest_Generation = YES;
				INFOPLIST_KEY_UIApplicationSupportsIndirectInputEvents = YES;
				INFOPLIST_KEY_UILaunchScreen_Generation = YES;
				INFOPLIST_KEY_UILaunchStoryboardName = "Launch Screen.storyboard";
				INFOPLIST_KEY_UISupportedInterfaceOrientations = UIInterfaceOrientationPortrait;
				LD_RUNPATH_SEARCH_PATHS = (
					"$(inherited)",
					"@executable_path/Frameworks",
				);
				MARKETING_VERSION = 1.0;
				PRODUCT_BUNDLE_IDENTIFIER = com.brahim.CryptoApp;
				PRODUCT_NAME = "$(TARGET_NAME)";
				SWIFT_EMIT_LOC_STRINGS = YES;
				SWIFT_VERSION = 5.0;
				TARGETED_DEVICE_FAMILY = "1,2";
			};
			name = Debug;
		};
		FA3EC4762CDCBF8200128D3C /* Release */ = {
			isa = XCBuildConfiguration;
			buildSettings = {
				ASSETCATALOG_COMPILER_APPICON_NAME = AppIcon;
				ASSETCATALOG_COMPILER_GLOBAL_ACCENT_COLOR_NAME = AccentColor;
				CODE_SIGN_STYLE = Automatic;
				CURRENT_PROJECT_VERSION = 1;
				DEVELOPMENT_ASSET_PATHS = "\"CryptoApp/Preview Content\"";
				ENABLE_PREVIEWS = YES;
				GENERATE_INFOPLIST_FILE = YES;
				INFOPLIST_KEY_UIApplicationSceneManifest_Generation = YES;
				INFOPLIST_KEY_UIApplicationSupportsIndirectInputEvents = YES;
				INFOPLIST_KEY_UILaunchScreen_Generation = YES;
				INFOPLIST_KEY_UILaunchStoryboardName = "Launch Screen.storyboard";
				INFOPLIST_KEY_UISupportedInterfaceOrientations = UIInterfaceOrientationPortrait;
				LD_RUNPATH_SEARCH_PATHS = (
					"$(inherited)",
					"@executable_path/Frameworks",
				);
				MARKETING_VERSION = 1.0;
				PRODUCT_BUNDLE_IDENTIFIER = com.brahim.CryptoApp;
				PRODUCT_NAME = "$(TARGET_NAME)";
				SWIFT_EMIT_LOC_STRINGS = YES;
				SWIFT_VERSION = 5.0;
				TARGETED_DEVICE_FAMILY = "1,2";
			};
			name = Release;
		};
/* End XCBuildConfiguration section */

/* Begin XCConfigurationList section */
		FA3EC4612CDCBF8100128D3C /* Build configuration list for PBXProject "CryptoApp" */ = {
			isa = XCConfigurationList;
			buildConfigurations = (
				FA3EC4722CDCBF8200128D3C /* Debug */,
				FA3EC4732CDCBF8200128D3C /* Release */,
			);
			defaultConfigurationIsVisible = 0;
			defaultConfigurationName = Release;
		};
		FA3EC4742CDCBF8200128D3C /* Build configuration list for PBXNativeTarget "CryptoApp" */ = {
			isa = XCConfigurationList;
			buildConfigurations = (
				FA3EC4752CDCBF8200128D3C /* Debug */,
				FA3EC4762CDCBF8200128D3C /* Release */,
			);
			defaultConfigurationIsVisible = 0;
			defaultConfigurationName = Release;
		};
/* End XCConfigurationList section */

/* Begin XCVersionGroup section */
		FAAE55AD2CE34B4A005BD773 /* PortfolioContainer.xcdatamodeld */ = {
			isa = XCVersionGroup;
			children = (
				FAAE55AE2CE34B4A005BD773 /* PortfolioContainer.xcdatamodel */,
			);
			currentVersion = FAAE55AE2CE34B4A005BD773 /* PortfolioContainer.xcdatamodel */;
			name = PortfolioContainer.xcdatamodeld;
			path = /Users/macbook/development/swiftUi/CryptoApp/CryptoApp/Models/PortfolioContainer.xcdatamodeld;
			sourceTree = "<group>";
			versionGroupType = wrapper.xcdatamodel;
		};
/* End XCVersionGroup section */
	};
	rootObject = FA3EC45E2CDCBF8100128D3C /* Project object */;
}
